
Microsoft Visual Studio Solution File, Format Version 12.00
# Visual Studio Version 17
VisualStudioVersion = 17.9.34728.123
MinimumVisualStudioVersion = 10.0.40219.1
Project("{2150E333-8FDC-42A3-9474-1A3956D46DE8}") = "Presentation", "Presentation", "{DE06708D-AEB1-48DC-A028-EE9335322EFE}"
EndProject
Project("{9A19103F-16F7-4668-BE54-9A1E7A4F7556}") = "GestionAsesoria.Operator.WebApi", "GestionAsesoria.Operator.WebApi\GestionAsesoria.Operator.WebApi.csproj", "{24A91461-FD4C-447F-9950-F17473BF731D}"
	ProjectSection(ProjectDependencies) = postProject
		{09D7DC2F-B651-4130-A41E-25465F935C77} = {09D7DC2F-B651-4130-A41E-25465F935C77}
		{0D310166-0042-4B17-977C-0D2FA12FC737} = {0D310166-0042-4B17-977C-0D2FA12FC737}
		{E1656EEA-3BD4-4BD4-A172-3DFA0DECAB16} = {E1656EEA-3BD4-4BD4-A172-3DFA0DECAB16}
	EndProjectSection
EndProject
Project("{2150E333-8FDC-42A3-9474-1A3956D46DE8}") = "Core", "Core", "{1AF00EC8-EFC2-4CE4-8F7D-24C63E43B958}"
EndProject
Project("{9A19103F-16F7-4668-BE54-9A1E7A4F7556}") = "GestionAsesoria.Operator.Application", "GestionAsesoria.Operator.Application\GestionAsesoria.Operator.Application.csproj", "{09D7DC2F-B651-4130-A41E-25465F935C77}"
EndProject
Project("{9A19103F-16F7-4668-BE54-9A1E7A4F7556}") = "GestionAsesoria.Operator.Domain", "GestionAsesoria.Operator.Domain\GestionAsesoria.Operator.Domain.csproj", "{E1656EEA-3BD4-4BD4-A172-3DFA0DECAB16}"
EndProject
Project("{2150E333-8FDC-42A3-9474-1A3956D46DE8}") = "Infrastructure", "Infrastructure", "{8282EDB6-7E14-443E-B6AA-CD273F13547A}"
EndProject
Project("{9A19103F-16F7-4668-BE54-9A1E7A4F7556}") = "GestionAsesoria.Operator.Infrastructure.Persistence", "GestionAsesoria.Operator.Infrastructure.Persistence\GestionAsesoria.Operator.Infrastructure.Persistence.csproj", "{B1DE760E-5F59-4BC0-86F4-68AD74437308}"
EndProject
Project("{9A19103F-16F7-4668-BE54-9A1E7A4F7556}") = "GestionAsesoria.Operator.Infrastructure.Shared", "GestionAsesoria.Operator.Infrastructure.Shared\GestionAsesoria.Operator.Infrastructure.Shared.csproj", "{5D42FE87-E6D7-404C-9E57-74BF57528BC5}"
EndProject
Project("{2150E333-8FDC-42A3-9474-1A3956D46DE8}") = "Shared", "Shared", "{BAD0D48B-CC96-43A9-9CED-F3F599BFAD76}"
EndProject
Project("{9A19103F-16F7-4668-BE54-9A1E7A4F7556}") = "GestionAsesoria.Operator.Shared", "GestionAsesoria.Operator.Shared\GestionAsesoria.Operator.Shared.csproj", "{0D310166-0042-4B17-977C-0D2FA12FC737}"
EndProject
Project("{2150E333-8FDC-42A3-9474-1A3956D46DE8}") = "Source", "Source", "{5CEC4952-04F5-4936-9D08-4DC9988916BC}"
EndProject
Project("{9A19103F-16F7-4668-BE54-9A1E7A4F7556}") = "GestionAsesoria.Operator.Tests", "GestionAsesoria.Operator.Tests\GestionAsesoria.Operator.Tests.csproj", "{95018841-A2A9-4B29-88D1-9FD166E82B9F}"
EndProject
Project("{2150E333-8FDC-42A3-9474-1A3956D46DE8}") = "Tests", "Tests", "{AC6F9EFD-68BC-4BCB-BB79-FADD8E894CF9}"
EndProject
Global
	GlobalSection(SolutionConfigurationPlatforms) = preSolution
		Debug|Any CPU = Debug|Any CPU
		Release|Any CPU = Release|Any CPU
	EndGlobalSection
	GlobalSection(ProjectConfigurationPlatforms) = postSolution
		{24A91461-FD4C-447F-9950-F17473BF731D}.Debug|Any CPU.ActiveCfg = Debug|Any CPU
		{24A91461-FD4C-447F-9950-F17473BF731D}.Debug|Any CPU.Build.0 = Debug|Any CPU
		{24A91461-FD4C-447F-9950-F17473BF731D}.Release|Any CPU.ActiveCfg = Release|Any CPU
		{24A91461-FD4C-447F-9950-F17473BF731D}.Release|Any CPU.Build.0 = Release|Any CPU
		{09D7DC2F-B651-4130-A41E-25465F935C77}.Debug|Any CPU.ActiveCfg = Debug|Any CPU
		{09D7DC2F-B651-4130-A41E-25465F935C77}.Debug|Any CPU.Build.0 = Debug|Any CPU
		{09D7DC2F-B651-4130-A41E-25465F935C77}.Release|Any CPU.ActiveCfg = Release|Any CPU
		{09D7DC2F-B651-4130-A41E-25465F935C77}.Release|Any CPU.Build.0 = Release|Any CPU
		{E1656EEA-3BD4-4BD4-A172-3DFA0DECAB16}.Debug|Any CPU.ActiveCfg = Debug|Any CPU
		{E1656EEA-3BD4-4BD4-A172-3DFA0DECAB16}.Debug|Any CPU.Build.0 = Debug|Any CPU
		{E1656EEA-3BD4-4BD4-A172-3DFA0DECAB16}.Release|Any CPU.ActiveCfg = Release|Any CPU
		{E1656EEA-3BD4-4BD4-A172-3DFA0DECAB16}.Release|Any CPU.Build.0 = Release|Any CPU
		{B1DE760E-5F59-4BC0-86F4-68AD74437308}.Debug|Any CPU.ActiveCfg = Debug|Any CPU
		{B1DE760E-5F59-4BC0-86F4-68AD74437308}.Debug|Any CPU.Build.0 = Debug|Any CPU
		{B1DE760E-5F59-4BC0-86F4-68AD74437308}.Release|Any CPU.ActiveCfg = Release|Any CPU
		{B1DE760E-5F59-4BC0-86F4-68AD74437308}.Release|Any CPU.Build.0 = Release|Any CPU
		{5D42FE87-E6D7-404C-9E57-74BF57528BC5}.Debug|Any CPU.ActiveCfg = Debug|Any CPU
		{5D42FE87-E6D7-404C-9E57-74BF57528BC5}.Debug|Any CPU.Build.0 = Debug|Any CPU
		{5D42FE87-E6D7-404C-9E57-74BF57528BC5}.Release|Any CPU.ActiveCfg = Release|Any CPU
		{5D42FE87-E6D7-404C-9E57-74BF57528BC5}.Release|Any CPU.Build.0 = Release|Any CPU
		{0D310166-0042-4B17-977C-0D2FA12FC737}.Debug|Any CPU.ActiveCfg = Debug|Any CPU
		{0D310166-0042-4B17-977C-0D2FA12FC737}.Debug|Any CPU.Build.0 = Debug|Any CPU
		{0D310166-0042-4B17-977C-0D2FA12FC737}.Release|Any CPU.ActiveCfg = Release|Any CPU
		{0D310166-0042-4B17-977C-0D2FA12FC737}.Release|Any CPU.Build.0 = Release|Any CPU
		{95018841-A2A9-4B29-88D1-9FD166E82B9F}.Debug|Any CPU.ActiveCfg = Debug|Any CPU
		{95018841-A2A9-4B29-88D1-9FD166E82B9F}.Debug|Any CPU.Build.0 = Debug|Any CPU
		{95018841-A2A9-4B29-88D1-9FD166E82B9F}.Release|Any CPU.ActiveCfg = Release|Any CPU
		{95018841-A2A9-4B29-88D1-9FD166E82B9F}.Release|Any CPU.Build.0 = Release|Any CPU
	EndGlobalSection
	GlobalSection(SolutionProperties) = preSolution
		HideSolutionNode = FALSE
	EndGlobalSection
	GlobalSection(NestedProjects) = preSolution
		{DE06708D-AEB1-48DC-A028-EE9335322EFE} = {5CEC4952-04F5-4936-9D08-4DC9988916BC}
		{24A91461-FD4C-447F-9950-F17473BF731D} = {DE06708D-AEB1-48DC-A028-EE9335322EFE}
		{1AF00EC8-EFC2-4CE4-8F7D-24C63E43B958} = {5CEC4952-04F5-4936-9D08-4DC9988916BC}
		{09D7DC2F-B651-4130-A41E-25465F935C77} = {1AF00EC8-EFC2-4CE4-8F7D-24C63E43B958}
		{E1656EEA-3BD4-4BD4-A172-3DFA0DECAB16} = {1AF00EC8-EFC2-4CE4-8F7D-24C63E43B958}
		{8282EDB6-7E14-443E-B6AA-CD273F13547A} = {5CEC4952-04F5-4936-9D08-4DC9988916BC}
		{B1DE760E-5F59-4BC0-86F4-68AD74437308} = {8282EDB6-7E14-443E-B6AA-CD273F13547A}
		{5D42FE87-E6D7-404C-9E57-74BF57528BC5} = {8282EDB6-7E14-443E-B6AA-CD273F13547A}
		{BAD0D48B-CC96-43A9-9CED-F3F599BFAD76} = {5CEC4952-04F5-4936-9D08-4DC9988916BC}
		{0D310166-0042-4B17-977C-0D2FA12FC737} = {BAD0D48B-CC96-43A9-9CED-F3F599BFAD76}
		{95018841-A2A9-4B29-88D1-9FD166E82B9F} = {AC6F9EFD-68BC-4BCB-BB79-FADD8E894CF9}
	EndGlobalSection
	GlobalSection(ExtensibilityGlobals) = postSolution
		SolutionGuid = {23ACF723-E376-4520-8517-43A867861F71}
	EndGlobalSection
EndGlobal
